{
  "name": "rocket-monitor",
  "lockfileVersion": 3,
  "requires": true,
  "packages": {
    "": {
      "dependencies": {
        "denoland": "^1.0.0"
      }
    },
    "node_modules/denoland": {
      "version": "1.0.0",
      "resolved": "https://registry.npmjs.org/denoland/-/denoland-1.0.0.tgz",
      "integrity": "sha512-BopoqORqkf7epAXfyc5+3YjrquUrcA2hs669b/PRHUZr/TYsULEphDiN3U5inY2fCElA6jmH9NXClJuVmZYTEg==",
      "license": "MIT",
      "bin": {
        "rustup": "index.js"
      }
    }
  }
}
